
Microsoft Visual Studio Solution File, Format Version 12.00
# Visual Studio 15
VisualStudioVersion = 15.0.27004.2005
MinimumVisualStudioVersion = 10.0.40219.1
Project("{FAE04EC0-301F-11D3-BF4B-00C04F79EFBC}") = "SpotifyRichPresence", "SpotifyRichPresence\SpotifyRichPresence.csproj", "{F6770FC9-D530-44A3-ACC6-5A573EBEF60C}"
EndProject
Global
	GlobalSection(SolutionConfigurationPlatforms) = preSolution
		Debug|Any CPU = Debug|Any CPU
		Release|Any CPU = Release|Any CPU
	EndGlobalSection
	GlobalSection(ProjectConfigurationPlatforms) = postSolution
		{F6770FC9-D530-44A3-ACC6-5A573EBEF60C}.Debug|Any CPU.ActiveCfg = Debug|Any CPU
		{F6770FC9-D530-44A3-ACC6-5A573EBEF60C}.Debug|Any CPU.Build.0 = Debug|Any CPU
		{F6770FC9-D530-44A3-ACC6-5A573EBEF60C}.Release|Any CPU.ActiveCfg = Release|Any CPU
		{F6770FC9-D530-44A3-ACC6-5A573EBEF60C}.Release|Any CPU.Build.0 = Release|Any CPU
	EndGlobalSection
	GlobalSection(SolutionProperties) = preSolution
		HideSolutionNode = FALSE
	EndGlobalSection
	GlobalSection(ExtensibilityGlobals) = postSolution
		SolutionGuid = {513E8AE3-7D85-4241-96A5-815BEAA63254}
	EndGlobalSection
EndGlobal
